
Microsoft Visual Studio Solution File, Format Version 11.00
# Visual Studio 2010
Project("{F184B08F-C81C-45F6-A57F-5ABD9991F28F}") = "CRMPhotoRenamer", "CRMPhotoRenamer\CRMPhotoRenamer.vbproj", "{66495F22-C5EA-4536-9271-8E873F98EEF0}"
EndProject
Global
	GlobalSection(SolutionConfigurationPlatforms) = preSolution
		Debug|x86 = Debug|x86
		Release|x86 = Release|x86
	EndGlobalSection
	GlobalSection(ProjectConfigurationPlatforms) = postSolution
		{66495F22-C5EA-4536-9271-8E873F98EEF0}.Debug|x86.ActiveCfg = Debug|x86
		{66495F22-C5EA-4536-9271-8E873F98EEF0}.Debug|x86.Build.0 = Debug|x86
		{66495F22-C5EA-4536-9271-8E873F98EEF0}.Release|x86.ActiveCfg = Release|x86
		{66495F22-C5EA-4536-9271-8E873F98EEF0}.Release|x86.Build.0 = Release|x86
	EndGlobalSection
	GlobalSection(SolutionProperties) = preSolution
		HideSolutionNode = FALSE
	EndGlobalSection
EndGlobal
